
Microsoft Visual Studio Solution File, Format Version 12.00
# Visual Studio 15
VisualStudioVersion = 15.0.26730.12
MinimumVisualStudioVersion = 10.0.40219.1
Project("{FAE04EC0-301F-11D3-BF4B-00C04F79EFBC}") = "AssignmentsTestDriven", "AssignmentsTestDriven\AssignmentsTestDriven.csproj", "{5F4F8E1B-7C2D-479B-9892-FE9A15D93545}"
EndProject
Project("{FAE04EC0-301F-11D3-BF4B-00C04F79EFBC}") = "AssignmentsTestDrivenTests", "AssignmentsTestDrivenTests\AssignmentsTestDrivenTests.csproj", "{0620A2E0-B84E-4CCB-B2D4-25332D949636}"
EndProject
Project("{FAE04EC0-301F-11D3-BF4B-00C04F79EFBC}") = "CollectionOfShops", "CollectionOfShops\CollectionOfShops.csproj", "{4EC55299-8594-44BA-8BB2-09DE35A85B03}"
EndProject
Project("{FAE04EC0-301F-11D3-BF4B-00C04F79EFBC}") = "BusCompany", "BusCompany\BusCompany.csproj", "{E4A4F32A-3AA3-4615-90AD-979DFE3F3DD3}"
EndProject
Project("{FAE04EC0-301F-11D3-BF4B-00C04F79EFBC}") = "BusCompanyTests", "BusCompanyTests\BusCompanyTests.csproj", "{42198557-3465-41C6-82FF-73266B2EA454}"
EndProject
Global
	GlobalSection(SolutionConfigurationPlatforms) = preSolution
		Debug|Any CPU = Debug|Any CPU
		Release|Any CPU = Release|Any CPU
	EndGlobalSection
	GlobalSection(ProjectConfigurationPlatforms) = postSolution
		{5F4F8E1B-7C2D-479B-9892-FE9A15D93545}.Debug|Any CPU.ActiveCfg = Debug|Any CPU
		{5F4F8E1B-7C2D-479B-9892-FE9A15D93545}.Debug|Any CPU.Build.0 = Debug|Any CPU
		{5F4F8E1B-7C2D-479B-9892-FE9A15D93545}.Release|Any CPU.ActiveCfg = Release|Any CPU
		{5F4F8E1B-7C2D-479B-9892-FE9A15D93545}.Release|Any CPU.Build.0 = Release|Any CPU
		{0620A2E0-B84E-4CCB-B2D4-25332D949636}.Debug|Any CPU.ActiveCfg = Debug|Any CPU
		{0620A2E0-B84E-4CCB-B2D4-25332D949636}.Debug|Any CPU.Build.0 = Debug|Any CPU
		{0620A2E0-B84E-4CCB-B2D4-25332D949636}.Release|Any CPU.ActiveCfg = Release|Any CPU
		{0620A2E0-B84E-4CCB-B2D4-25332D949636}.Release|Any CPU.Build.0 = Release|Any CPU
		{4EC55299-8594-44BA-8BB2-09DE35A85B03}.Debug|Any CPU.ActiveCfg = Debug|Any CPU
		{4EC55299-8594-44BA-8BB2-09DE35A85B03}.Debug|Any CPU.Build.0 = Debug|Any CPU
		{4EC55299-8594-44BA-8BB2-09DE35A85B03}.Release|Any CPU.ActiveCfg = Release|Any CPU
		{4EC55299-8594-44BA-8BB2-09DE35A85B03}.Release|Any CPU.Build.0 = Release|Any CPU
		{E4A4F32A-3AA3-4615-90AD-979DFE3F3DD3}.Debug|Any CPU.ActiveCfg = Debug|Any CPU
		{E4A4F32A-3AA3-4615-90AD-979DFE3F3DD3}.Debug|Any CPU.Build.0 = Debug|Any CPU
		{E4A4F32A-3AA3-4615-90AD-979DFE3F3DD3}.Release|Any CPU.ActiveCfg = Release|Any CPU
		{E4A4F32A-3AA3-4615-90AD-979DFE3F3DD3}.Release|Any CPU.Build.0 = Release|Any CPU
		{42198557-3465-41C6-82FF-73266B2EA454}.Debug|Any CPU.ActiveCfg = Debug|Any CPU
		{42198557-3465-41C6-82FF-73266B2EA454}.Debug|Any CPU.Build.0 = Debug|Any CPU
		{42198557-3465-41C6-82FF-73266B2EA454}.Release|Any CPU.ActiveCfg = Release|Any CPU
		{42198557-3465-41C6-82FF-73266B2EA454}.Release|Any CPU.Build.0 = Release|Any CPU
	EndGlobalSection
	GlobalSection(SolutionProperties) = preSolution
		HideSolutionNode = FALSE
	EndGlobalSection
	GlobalSection(ExtensibilityGlobals) = postSolution
		SolutionGuid = {045E64D0-96C3-4324-ACC5-84A41415F8C6}
	EndGlobalSection
EndGlobal
